
Microsoft Visual Studio Solution File, Format Version 12.00
# Visual Studio 2012
Project("{FAE04EC0-301F-11D3-BF4B-00C04F79EFBC}") = "Owin.AutoStartup", "Owin.AutoStartup\Owin.AutoStartup.csproj", "{46F629C2-DF88-4B49-9AF7-5F77ADCFC449}"
EndProject
Global
	GlobalSection(SolutionConfigurationPlatforms) = preSolution
		Debug|Any CPU = Debug|Any CPU
		Release|Any CPU = Release|Any CPU
	EndGlobalSection
	GlobalSection(ProjectConfigurationPlatforms) = postSolution
		{46F629C2-DF88-4B49-9AF7-5F77ADCFC449}.Debug|Any CPU.ActiveCfg = Debug|Any CPU
		{46F629C2-DF88-4B49-9AF7-5F77ADCFC449}.Debug|Any CPU.Build.0 = Debug|Any CPU
		{46F629C2-DF88-4B49-9AF7-5F77ADCFC449}.Release|Any CPU.ActiveCfg = Release|Any CPU
		{46F629C2-DF88-4B49-9AF7-5F77ADCFC449}.Release|Any CPU.Build.0 = Release|Any CPU
	EndGlobalSection
	GlobalSection(SolutionProperties) = preSolution
		HideSolutionNode = FALSE
	EndGlobalSection
EndGlobal
